Microsoft Visual Studio Solution File, Format Version 12.00
# Visual Studio 2012
Project("{FAE04EC0-301F-11D3-BF4B-00C04F79EFBC}") = "DustyTrails", "DustyTrails.csproj", "{FD05B0C0-04E3-4070-BCC3-ED1EC62773AE}"
EndProject
Global
	GlobalSection(SolutionConfigurationPlatforms) = preSolution
	Debug|Any CPU = Debug|Any CPU
	ExportDebug|Any CPU = ExportDebug|Any CPU
	ExportRelease|Any CPU = ExportRelease|Any CPU
	EndGlobalSection
	GlobalSection(ProjectConfigurationPlatforms) = postSolution
		{FD05B0C0-04E3-4070-BCC3-ED1EC62773AE}.Debug|Any CPU.ActiveCfg = Debug|Any CPU
		{FD05B0C0-04E3-4070-BCC3-ED1EC62773AE}.Debug|Any CPU.Build.0 = Debug|Any CPU
		{FD05B0C0-04E3-4070-BCC3-ED1EC62773AE}.ExportDebug|Any CPU.ActiveCfg = ExportDebug|Any CPU
		{FD05B0C0-04E3-4070-BCC3-ED1EC62773AE}.ExportDebug|Any CPU.Build.0 = ExportDebug|Any CPU
		{FD05B0C0-04E3-4070-BCC3-ED1EC62773AE}.ExportRelease|Any CPU.ActiveCfg = ExportRelease|Any CPU
		{FD05B0C0-04E3-4070-BCC3-ED1EC62773AE}.ExportRelease|Any CPU.Build.0 = ExportRelease|Any CPU
	EndGlobalSection
EndGlobal
